
Microsoft Visual Studio Solution File, Format Version 12.00
# Visual Studio Version 17
VisualStudioVersion = 17.10.35122.118
MinimumVisualStudioVersion = 10.0.40219.1
Project("{9A19103F-16F7-4668-BE54-9A1E7A4F7556}") = "FilmService", "FilmService\FilmService.csproj", "{C5606D0E-27FC-4A39-82DE-85E7A32EA9CD}"
EndProject
Project("{9A19103F-16F7-4668-BE54-9A1E7A4F7556}") = "SharedLibrary", "SharedLibrary\SharedLibrary.csproj", "{DF136567-93A0-4A69-B3FD-852DCD68CA83}"
EndProject
Project("{9A19103F-16F7-4668-BE54-9A1E7A4F7556}") = "UserService", "UserService\UserService.csproj", "{E83FFE55-D645-4C70-AB25-A5B253A74C3A}"
EndProject
Project("{9A19103F-16F7-4668-BE54-9A1E7A4F7556}") = "ScreeningService", "ScreeningService\ScreeningService.csproj", "{237D280D-4B3D-4CF9-B53F-6149924E492A}"
EndProject
Project("{9A19103F-16F7-4668-BE54-9A1E7A4F7556}") = "SeatReservationService", "SeatReservationService\SeatReservationService.csproj", "{7B39680B-2629-4D2D-897E-0B7E9126FB3A}"
EndProject
Project("{9A19103F-16F7-4668-BE54-9A1E7A4F7556}") = "CinemaAPI", "CinemaAPI\CinemaAPI.csproj", "{B9C589CA-8037-4DCC-BD3B-B191BD6DD928}"
EndProject
Project("{FAE04EC0-301F-11D3-BF4B-00C04F79EFBC}") = "FilmService.UnitTests", "UnitTests\FilmService.UnitTests\FilmService.UnitTests.csproj", "{31E3A980-4125-4503-9779-BD2F11B0E9FF}"
EndProject
Global
	GlobalSection(SolutionConfigurationPlatforms) = preSolution
		Debug|Any CPU = Debug|Any CPU
		Release|Any CPU = Release|Any CPU
	EndGlobalSection
	GlobalSection(ProjectConfigurationPlatforms) = postSolution
		{C5606D0E-27FC-4A39-82DE-85E7A32EA9CD}.Debug|Any CPU.ActiveCfg = Debug|Any CPU
		{C5606D0E-27FC-4A39-82DE-85E7A32EA9CD}.Debug|Any CPU.Build.0 = Debug|Any CPU
		{C5606D0E-27FC-4A39-82DE-85E7A32EA9CD}.Release|Any CPU.ActiveCfg = Release|Any CPU
		{C5606D0E-27FC-4A39-82DE-85E7A32EA9CD}.Release|Any CPU.Build.0 = Release|Any CPU
		{DF136567-93A0-4A69-B3FD-852DCD68CA83}.Debug|Any CPU.ActiveCfg = Debug|Any CPU
		{DF136567-93A0-4A69-B3FD-852DCD68CA83}.Debug|Any CPU.Build.0 = Debug|Any CPU
		{DF136567-93A0-4A69-B3FD-852DCD68CA83}.Release|Any CPU.ActiveCfg = Release|Any CPU
		{DF136567-93A0-4A69-B3FD-852DCD68CA83}.Release|Any CPU.Build.0 = Release|Any CPU
		{E83FFE55-D645-4C70-AB25-A5B253A74C3A}.Debug|Any CPU.ActiveCfg = Debug|Any CPU
		{E83FFE55-D645-4C70-AB25-A5B253A74C3A}.Debug|Any CPU.Build.0 = Debug|Any CPU
		{E83FFE55-D645-4C70-AB25-A5B253A74C3A}.Release|Any CPU.ActiveCfg = Release|Any CPU
		{E83FFE55-D645-4C70-AB25-A5B253A74C3A}.Release|Any CPU.Build.0 = Release|Any CPU
		{237D280D-4B3D-4CF9-B53F-6149924E492A}.Debug|Any CPU.ActiveCfg = Debug|Any CPU
		{237D280D-4B3D-4CF9-B53F-6149924E492A}.Debug|Any CPU.Build.0 = Debug|Any CPU
		{237D280D-4B3D-4CF9-B53F-6149924E492A}.Release|Any CPU.ActiveCfg = Release|Any CPU
		{237D280D-4B3D-4CF9-B53F-6149924E492A}.Release|Any CPU.Build.0 = Release|Any CPU
		{7B39680B-2629-4D2D-897E-0B7E9126FB3A}.Debug|Any CPU.ActiveCfg = Debug|Any CPU
		{7B39680B-2629-4D2D-897E-0B7E9126FB3A}.Debug|Any CPU.Build.0 = Debug|Any CPU
		{7B39680B-2629-4D2D-897E-0B7E9126FB3A}.Release|Any CPU.ActiveCfg = Release|Any CPU
		{7B39680B-2629-4D2D-897E-0B7E9126FB3A}.Release|Any CPU.Build.0 = Release|Any CPU
		{B9C589CA-8037-4DCC-BD3B-B191BD6DD928}.Debug|Any CPU.ActiveCfg = Debug|Any CPU
		{B9C589CA-8037-4DCC-BD3B-B191BD6DD928}.Debug|Any CPU.Build.0 = Debug|Any CPU
		{B9C589CA-8037-4DCC-BD3B-B191BD6DD928}.Release|Any CPU.ActiveCfg = Release|Any CPU
		{B9C589CA-8037-4DCC-BD3B-B191BD6DD928}.Release|Any CPU.Build.0 = Release|Any CPU
		{31E3A980-4125-4503-9779-BD2F11B0E9FF}.Debug|Any CPU.ActiveCfg = Debug|Any CPU
		{31E3A980-4125-4503-9779-BD2F11B0E9FF}.Debug|Any CPU.Build.0 = Debug|Any CPU
		{31E3A980-4125-4503-9779-BD2F11B0E9FF}.Release|Any CPU.ActiveCfg = Release|Any CPU
		{31E3A980-4125-4503-9779-BD2F11B0E9FF}.Release|Any CPU.Build.0 = Release|Any CPU
	EndGlobalSection
	GlobalSection(SolutionProperties) = preSolution
		HideSolutionNode = FALSE
	EndGlobalSection
	GlobalSection(ExtensibilityGlobals) = postSolution
		SolutionGuid = {EFBB1338-A14E-4F6A-8545-9874DE662D3C}
	EndGlobalSection
EndGlobal
